
Microsoft Visual Studio Solution File, Format Version 12.00
# Visual Studio Version 16
VisualStudioVersion = 16.0.30225.117
MinimumVisualStudioVersion = 10.0.40219.1
Project("{FAE04EC0-301F-11D3-BF4B-00C04F79EFBC}") = "Herencia", "Herencia.csproj", "{F75D1615-CCCE-4BE6-9FFA-6BC24BCA65AB}"
EndProject
Global
	GlobalSection(SolutionConfigurationPlatforms) = preSolution
		Debug|Any CPU = Debug|Any CPU
		Release|Any CPU = Release|Any CPU
	EndGlobalSection
	GlobalSection(ProjectConfigurationPlatforms) = postSolution
		{F75D1615-CCCE-4BE6-9FFA-6BC24BCA65AB}.Debug|Any CPU.ActiveCfg = Debug|Any CPU
		{F75D1615-CCCE-4BE6-9FFA-6BC24BCA65AB}.Debug|Any CPU.Build.0 = Debug|Any CPU
		{F75D1615-CCCE-4BE6-9FFA-6BC24BCA65AB}.Release|Any CPU.ActiveCfg = Release|Any CPU
		{F75D1615-CCCE-4BE6-9FFA-6BC24BCA65AB}.Release|Any CPU.Build.0 = Release|Any CPU
	EndGlobalSection
	GlobalSection(SolutionProperties) = preSolution
		HideSolutionNode = FALSE
	EndGlobalSection
	GlobalSection(ExtensibilityGlobals) = postSolution
		SolutionGuid = {00D92915-CD40-4BD4-83DE-D9FD1865E152}
	EndGlobalSection
EndGlobal
