
Microsoft Visual Studio Solution File, Format Version 12.00
# Visual Studio Version 16
VisualStudioVersion = 16.0.30225.117
MinimumVisualStudioVersion = 10.0.40219.1
Project("{FAE04EC0-301F-11D3-BF4B-00C04F79EFBC}") = "Funciones", "Funciones.csproj", "{774DA602-A37C-4677-9D5C-5BCEF1DD3948}"
EndProject
Global
	GlobalSection(SolutionConfigurationPlatforms) = preSolution
		Debug|Any CPU = Debug|Any CPU
		Release|Any CPU = Release|Any CPU
	EndGlobalSection
	GlobalSection(ProjectConfigurationPlatforms) = postSolution
		{774DA602-A37C-4677-9D5C-5BCEF1DD3948}.Debug|Any CPU.ActiveCfg = Debug|Any CPU
		{774DA602-A37C-4677-9D5C-5BCEF1DD3948}.Debug|Any CPU.Build.0 = Debug|Any CPU
		{774DA602-A37C-4677-9D5C-5BCEF1DD3948}.Release|Any CPU.ActiveCfg = Release|Any CPU
		{774DA602-A37C-4677-9D5C-5BCEF1DD3948}.Release|Any CPU.Build.0 = Release|Any CPU
	EndGlobalSection
	GlobalSection(SolutionProperties) = preSolution
		HideSolutionNode = FALSE
	EndGlobalSection
	GlobalSection(ExtensibilityGlobals) = postSolution
		SolutionGuid = {D802F1A6-2C73-47EA-B57A-800974E0AD45}
	EndGlobalSection
EndGlobal
